
Microsoft Visual Studio Solution File, Format Version 12.00
# Visual Studio Version 16
VisualStudioVersion = 16.0.32802.440
MinimumVisualStudioVersion = 10.0.40219.1
Project("{FAE04EC0-301F-11D3-BF4B-00C04F79EFBC}") = "Area1", "Area1\Area1.csproj", "{F123658F-00A6-46AE-9C79-5DD7B48BC31D}"
EndProject
Global
	GlobalSection(SolutionConfigurationPlatforms) = preSolution
		Debug|Any CPU = Debug|Any CPU
		Release|Any CPU = Release|Any CPU
	EndGlobalSection
	GlobalSection(ProjectConfigurationPlatforms) = postSolution
		{F123658F-00A6-46AE-9C79-5DD7B48BC31D}.Debug|Any CPU.ActiveCfg = Debug|Any CPU
		{F123658F-00A6-46AE-9C79-5DD7B48BC31D}.Debug|Any CPU.Build.0 = Debug|Any CPU
		{F123658F-00A6-46AE-9C79-5DD7B48BC31D}.Release|Any CPU.ActiveCfg = Release|Any CPU
		{F123658F-00A6-46AE-9C79-5DD7B48BC31D}.Release|Any CPU.Build.0 = Release|Any CPU
	EndGlobalSection
	GlobalSection(SolutionProperties) = preSolution
		HideSolutionNode = FALSE
	EndGlobalSection
	GlobalSection(ExtensibilityGlobals) = postSolution
		SolutionGuid = {EA387CA2-A9C7-4DEA-8E20-00F62E6C9DDF}
	EndGlobalSection
EndGlobal
